
Microsoft Visual Studio Solution File, Format Version 12.00
# Visual Studio 2012
Project("{FAE04EC0-301F-11D3-BF4B-00C04F79EFBC}") = "ThomasJepp.SaintsRow", "SaintsRow\ThomasJepp.SaintsRow.csproj", "{F660C694-866A-4814-936E-5A180D8543D2}"
EndProject
Project("{FAE04EC0-301F-11D3-BF4B-00C04F79EFBC}") = "ThomasJepp.SaintsRow.ExtractStrings", "ThomasJepp.SaintsRow.ExtractStrings\ThomasJepp.SaintsRow.ExtractStrings.csproj", "{89DD3C8D-BD73-445B-A6FE-76A3FD4CD49E}"
EndProject
Project("{FAE04EC0-301F-11D3-BF4B-00C04F79EFBC}") = "ThomasJepp.SaintsRow.BuildStrings", "ThomasJepp.SaintsRow.BuildStrings\ThomasJepp.SaintsRow.BuildStrings.csproj", "{D100FEC0-13A4-47C0-AE65-0BDABEEE81B4}"
EndProject
Project("{2150E333-8FDC-42A3-9474-1A3956D46DE8}") = "Strings", "Strings", "{08693709-C743-408F-9D26-199327AF25A4}"
EndProject
Project("{2150E333-8FDC-42A3-9474-1A3956D46DE8}") = "CrunchedTables", "CrunchedTables", "{1D1F4777-03FD-4292-97A2-B78ED53DB3A3}"
EndProject
Project("{2150E333-8FDC-42A3-9474-1A3956D46DE8}") = "Packfiles", "Packfiles", "{75F9E01A-9820-4561-8B28-F5428D626B45}"
EndProject
Project("{FAE04EC0-301F-11D3-BF4B-00C04F79EFBC}") = "ThomasJepp.SaintsRow.ExtractPackfile", "ThomasJepp.SaintsRow.ExtractPackfile\ThomasJepp.SaintsRow.ExtractPackfile.csproj", "{97B6B509-0EA0-4601-B672-3B2DD8541960}"
EndProject
Project("{FAE04EC0-301F-11D3-BF4B-00C04F79EFBC}") = "ThomasJepp.SaintsRow.RecursiveExtractor", "ThomasJepp.SaintsRow.RecursiveExtractor\ThomasJepp.SaintsRow.RecursiveExtractor.csproj", "{224AAF61-4D5E-40B8-AC62-9F32C1F57235}"
EndProject
Project("{FAE04EC0-301F-11D3-BF4B-00C04F79EFBC}") = "CmdLine", "CmdLine\CmdLine.csproj", "{ED76BEBC-F835-4FFF-B7E3-3E8A96B87BCF}"
EndProject
Project("{FAE04EC0-301F-11D3-BF4B-00C04F79EFBC}") = "ThomasJepp.SaintsRow.BuildPackfile", "ThomasJepp.SaintsRow.BuildPackfile\ThomasJepp.SaintsRow.BuildPackfile.csproj", "{C48DA38F-FE75-4FEE-85BC-04EF7CFF3901}"
EndProject
Project("{FAE04EC0-301F-11D3-BF4B-00C04F79EFBC}") = "ThomasJepp.SaintsRow.Stream2", "ThomasJepp.SaintsRow.Stream2\ThomasJepp.SaintsRow.Stream2.csproj", "{B1A5451A-ECD9-45BB-8930-BE4D4586E7C3}"
EndProject
Project("{FAE04EC0-301F-11D3-BF4B-00C04F79EFBC}") = "ThomasJepp.SaintsRow.ExtractPackfileGUI", "ThomasJepp.SaintsRow.ExtractPackfileGUI\ThomasJepp.SaintsRow.ExtractPackfileGUI.csproj", "{2F154233-1206-4101-A0D6-11CC68826A75}"
EndProject
Project("{FAE04EC0-301F-11D3-BF4B-00C04F79EFBC}") = "ThomasJepp.SaintsRow.BuildPackfileGUI", "ThomasJepp.SaintsRow.BuildPackfileGUI\ThomasJepp.SaintsRow.BuildPackfileGUI.csproj", "{76CED8EC-98E6-48D3-96F7-AD73DC327BEE}"
EndProject
Project("{FAE04EC0-301F-11D3-BF4B-00C04F79EFBC}") = "RepackTest", "RepackTest\RepackTest.csproj", "{4212FD58-BB1D-43D5-B677-3AA32009787F}"
EndProject
Project("{2150E333-8FDC-42A3-9474-1A3956D46DE8}") = "Misc Utilties", "Misc Utilties", "{1E3F6590-EB28-4A91-B692-260585D491FF}"
EndProject
Project("{8BC9CEB8-8B4A-11D0-8D11-00A0C91BC942}") = "xinput1_3", "SaintsRowIVDebugPrintHook\xinput1_3.vcxproj", "{82414533-0EF7-4835-A8E3-13D1A9F01497}"
EndProject
Project("{2150E333-8FDC-42A3-9474-1A3956D46DE8}") = "Saints Row IV Debug Print Hook", "Saints Row IV Debug Print Hook", "{5EFBD77F-625C-42BD-8644-D7D1AFD32619}"
EndProject
Project("{FAE04EC0-301F-11D3-BF4B-00C04F79EFBC}") = "ThomasJepp.SaintsRow.Stream2Update", "ThomasJepp.SaintsRow.Stream2Update\ThomasJepp.SaintsRow.Stream2Update.csproj", "{BE9C6F24-51B9-4083-B11E-BF1BA236447B}"
EndProject
Global
	GlobalSection(SolutionConfigurationPlatforms) = preSolution
		Debug|Any CPU = Debug|Any CPU
		Debug|Mixed Platforms = Debug|Mixed Platforms
		Debug|Win32 = Debug|Win32
		Release|Any CPU = Release|Any CPU
		Release|Mixed Platforms = Release|Mixed Platforms
		Release|Win32 = Release|Win32
	EndGlobalSection
	GlobalSection(ProjectConfigurationPlatforms) = postSolution
		{F660C694-866A-4814-936E-5A180D8543D2}.Debug|Any CPU.ActiveCfg = Debug|Any CPU
		{F660C694-866A-4814-936E-5A180D8543D2}.Debug|Any CPU.Build.0 = Debug|Any CPU
		{F660C694-866A-4814-936E-5A180D8543D2}.Debug|Mixed Platforms.ActiveCfg = Debug|Any CPU
		{F660C694-866A-4814-936E-5A180D8543D2}.Debug|Mixed Platforms.Build.0 = Debug|Any CPU
		{F660C694-866A-4814-936E-5A180D8543D2}.Debug|Win32.ActiveCfg = Debug|Any CPU
		{F660C694-866A-4814-936E-5A180D8543D2}.Release|Any CPU.ActiveCfg = Release|Any CPU
		{F660C694-866A-4814-936E-5A180D8543D2}.Release|Any CPU.Build.0 = Release|Any CPU
		{F660C694-866A-4814-936E-5A180D8543D2}.Release|Mixed Platforms.ActiveCfg = Release|Any CPU
		{F660C694-866A-4814-936E-5A180D8543D2}.Release|Mixed Platforms.Build.0 = Release|Any CPU
		{F660C694-866A-4814-936E-5A180D8543D2}.Release|Win32.ActiveCfg = Release|Any CPU
		{89DD3C8D-BD73-445B-A6FE-76A3FD4CD49E}.Debug|Any CPU.ActiveCfg = Debug|Any CPU
		{89DD3C8D-BD73-445B-A6FE-76A3FD4CD49E}.Debug|Any CPU.Build.0 = Debug|Any CPU
		{89DD3C8D-BD73-445B-A6FE-76A3FD4CD49E}.Debug|Mixed Platforms.ActiveCfg = Debug|Any CPU
		{89DD3C8D-BD73-445B-A6FE-76A3FD4CD49E}.Debug|Mixed Platforms.Build.0 = Debug|Any CPU
		{89DD3C8D-BD73-445B-A6FE-76A3FD4CD49E}.Debug|Win32.ActiveCfg = Debug|Any CPU
		{89DD3C8D-BD73-445B-A6FE-76A3FD4CD49E}.Release|Any CPU.ActiveCfg = Release|Any CPU
		{89DD3C8D-BD73-445B-A6FE-76A3FD4CD49E}.Release|Any CPU.Build.0 = Release|Any CPU
		{89DD3C8D-BD73-445B-A6FE-76A3FD4CD49E}.Release|Mixed Platforms.ActiveCfg = Release|Any CPU
		{89DD3C8D-BD73-445B-A6FE-76A3FD4CD49E}.Release|Mixed Platforms.Build.0 = Release|Any CPU
		{89DD3C8D-BD73-445B-A6FE-76A3FD4CD49E}.Release|Win32.ActiveCfg = Release|Any CPU
		{D100FEC0-13A4-47C0-AE65-0BDABEEE81B4}.Debug|Any CPU.ActiveCfg = Debug|Any CPU
		{D100FEC0-13A4-47C0-AE65-0BDABEEE81B4}.Debug|Any CPU.Build.0 = Debug|Any CPU
		{D100FEC0-13A4-47C0-AE65-0BDABEEE81B4}.Debug|Mixed Platforms.ActiveCfg = Debug|Any CPU
		{D100FEC0-13A4-47C0-AE65-0BDABEEE81B4}.Debug|Mixed Platforms.Build.0 = Debug|Any CPU
		{D100FEC0-13A4-47C0-AE65-0BDABEEE81B4}.Debug|Win32.ActiveCfg = Debug|Any CPU
		{D100FEC0-13A4-47C0-AE65-0BDABEEE81B4}.Release|Any CPU.ActiveCfg = Release|Any CPU
		{D100FEC0-13A4-47C0-AE65-0BDABEEE81B4}.Release|Any CPU.Build.0 = Release|Any CPU
		{D100FEC0-13A4-47C0-AE65-0BDABEEE81B4}.Release|Mixed Platforms.ActiveCfg = Release|Any CPU
		{D100FEC0-13A4-47C0-AE65-0BDABEEE81B4}.Release|Mixed Platforms.Build.0 = Release|Any CPU
		{D100FEC0-13A4-47C0-AE65-0BDABEEE81B4}.Release|Win32.ActiveCfg = Release|Any CPU
		{97B6B509-0EA0-4601-B672-3B2DD8541960}.Debug|Any CPU.ActiveCfg = Debug|Any CPU
		{97B6B509-0EA0-4601-B672-3B2DD8541960}.Debug|Any CPU.Build.0 = Debug|Any CPU
		{97B6B509-0EA0-4601-B672-3B2DD8541960}.Debug|Mixed Platforms.ActiveCfg = Debug|Any CPU
		{97B6B509-0EA0-4601-B672-3B2DD8541960}.Debug|Mixed Platforms.Build.0 = Debug|Any CPU
		{97B6B509-0EA0-4601-B672-3B2DD8541960}.Debug|Win32.ActiveCfg = Debug|Any CPU
		{97B6B509-0EA0-4601-B672-3B2DD8541960}.Release|Any CPU.ActiveCfg = Release|Any CPU
		{97B6B509-0EA0-4601-B672-3B2DD8541960}.Release|Any CPU.Build.0 = Release|Any CPU
		{97B6B509-0EA0-4601-B672-3B2DD8541960}.Release|Mixed Platforms.ActiveCfg = Release|Any CPU
		{97B6B509-0EA0-4601-B672-3B2DD8541960}.Release|Mixed Platforms.Build.0 = Release|Any CPU
		{97B6B509-0EA0-4601-B672-3B2DD8541960}.Release|Win32.ActiveCfg = Release|Any CPU
		{224AAF61-4D5E-40B8-AC62-9F32C1F57235}.Debug|Any CPU.ActiveCfg = Debug|Any CPU
		{224AAF61-4D5E-40B8-AC62-9F32C1F57235}.Debug|Any CPU.Build.0 = Debug|Any CPU
		{224AAF61-4D5E-40B8-AC62-9F32C1F57235}.Debug|Mixed Platforms.ActiveCfg = Debug|Any CPU
		{224AAF61-4D5E-40B8-AC62-9F32C1F57235}.Debug|Mixed Platforms.Build.0 = Debug|Any CPU
		{224AAF61-4D5E-40B8-AC62-9F32C1F57235}.Debug|Win32.ActiveCfg = Debug|Any CPU
		{224AAF61-4D5E-40B8-AC62-9F32C1F57235}.Release|Any CPU.ActiveCfg = Release|Any CPU
		{224AAF61-4D5E-40B8-AC62-9F32C1F57235}.Release|Any CPU.Build.0 = Release|Any CPU
		{224AAF61-4D5E-40B8-AC62-9F32C1F57235}.Release|Mixed Platforms.ActiveCfg = Release|Any CPU
		{224AAF61-4D5E-40B8-AC62-9F32C1F57235}.Release|Mixed Platforms.Build.0 = Release|Any CPU
		{224AAF61-4D5E-40B8-AC62-9F32C1F57235}.Release|Win32.ActiveCfg = Release|Any CPU
		{ED76BEBC-F835-4FFF-B7E3-3E8A96B87BCF}.Debug|Any CPU.ActiveCfg = Debug|Any CPU
		{ED76BEBC-F835-4FFF-B7E3-3E8A96B87BCF}.Debug|Any CPU.Build.0 = Debug|Any CPU
		{ED76BEBC-F835-4FFF-B7E3-3E8A96B87BCF}.Debug|Mixed Platforms.ActiveCfg = Debug|Any CPU
		{ED76BEBC-F835-4FFF-B7E3-3E8A96B87BCF}.Debug|Mixed Platforms.Build.0 = Debug|Any CPU
		{ED76BEBC-F835-4FFF-B7E3-3E8A96B87BCF}.Debug|Win32.ActiveCfg = Debug|Any CPU
		{ED76BEBC-F835-4FFF-B7E3-3E8A96B87BCF}.Release|Any CPU.ActiveCfg = Release|Any CPU
		{ED76BEBC-F835-4FFF-B7E3-3E8A96B87BCF}.Release|Any CPU.Build.0 = Release|Any CPU
		{ED76BEBC-F835-4FFF-B7E3-3E8A96B87BCF}.Release|Mixed Platforms.ActiveCfg = Release|Any CPU
		{ED76BEBC-F835-4FFF-B7E3-3E8A96B87BCF}.Release|Mixed Platforms.Build.0 = Release|Any CPU
		{ED76BEBC-F835-4FFF-B7E3-3E8A96B87BCF}.Release|Win32.ActiveCfg = Release|Any CPU
		{C48DA38F-FE75-4FEE-85BC-04EF7CFF3901}.Debug|Any CPU.ActiveCfg = Debug|Any CPU
		{C48DA38F-FE75-4FEE-85BC-04EF7CFF3901}.Debug|Any CPU.Build.0 = Debug|Any CPU
		{C48DA38F-FE75-4FEE-85BC-04EF7CFF3901}.Debug|Mixed Platforms.ActiveCfg = Debug|Any CPU
		{C48DA38F-FE75-4FEE-85BC-04EF7CFF3901}.Debug|Mixed Platforms.Build.0 = Debug|Any CPU
		{C48DA38F-FE75-4FEE-85BC-04EF7CFF3901}.Debug|Win32.ActiveCfg = Debug|Any CPU
		{C48DA38F-FE75-4FEE-85BC-04EF7CFF3901}.Release|Any CPU.ActiveCfg = Release|Any CPU
		{C48DA38F-FE75-4FEE-85BC-04EF7CFF3901}.Release|Any CPU.Build.0 = Release|Any CPU
		{C48DA38F-FE75-4FEE-85BC-04EF7CFF3901}.Release|Mixed Platforms.ActiveCfg = Release|Any CPU
		{C48DA38F-FE75-4FEE-85BC-04EF7CFF3901}.Release|Mixed Platforms.Build.0 = Release|Any CPU
		{C48DA38F-FE75-4FEE-85BC-04EF7CFF3901}.Release|Win32.ActiveCfg = Release|Any CPU
		{B1A5451A-ECD9-45BB-8930-BE4D4586E7C3}.Debug|Any CPU.ActiveCfg = Debug|Any CPU
		{B1A5451A-ECD9-45BB-8930-BE4D4586E7C3}.Debug|Any CPU.Build.0 = Debug|Any CPU
		{B1A5451A-ECD9-45BB-8930-BE4D4586E7C3}.Debug|Mixed Platforms.ActiveCfg = Debug|Any CPU
		{B1A5451A-ECD9-45BB-8930-BE4D4586E7C3}.Debug|Mixed Platforms.Build.0 = Debug|Any CPU
		{B1A5451A-ECD9-45BB-8930-BE4D4586E7C3}.Debug|Win32.ActiveCfg = Debug|Any CPU
		{B1A5451A-ECD9-45BB-8930-BE4D4586E7C3}.Release|Any CPU.ActiveCfg = Release|Any CPU
		{B1A5451A-ECD9-45BB-8930-BE4D4586E7C3}.Release|Any CPU.Build.0 = Release|Any CPU
		{B1A5451A-ECD9-45BB-8930-BE4D4586E7C3}.Release|Mixed Platforms.ActiveCfg = Release|Any CPU
		{B1A5451A-ECD9-45BB-8930-BE4D4586E7C3}.Release|Mixed Platforms.Build.0 = Release|Any CPU
		{B1A5451A-ECD9-45BB-8930-BE4D4586E7C3}.Release|Win32.ActiveCfg = Release|Any CPU
		{2F154233-1206-4101-A0D6-11CC68826A75}.Debug|Any CPU.ActiveCfg = Debug|Any CPU
		{2F154233-1206-4101-A0D6-11CC68826A75}.Debug|Any CPU.Build.0 = Debug|Any CPU
		{2F154233-1206-4101-A0D6-11CC68826A75}.Debug|Mixed Platforms.ActiveCfg = Debug|Any CPU
		{2F154233-1206-4101-A0D6-11CC68826A75}.Debug|Mixed Platforms.Build.0 = Debug|Any CPU
		{2F154233-1206-4101-A0D6-11CC68826A75}.Debug|Win32.ActiveCfg = Debug|Any CPU
		{2F154233-1206-4101-A0D6-11CC68826A75}.Release|Any CPU.ActiveCfg = Release|Any CPU
		{2F154233-1206-4101-A0D6-11CC68826A75}.Release|Any CPU.Build.0 = Release|Any CPU
		{2F154233-1206-4101-A0D6-11CC68826A75}.Release|Mixed Platforms.ActiveCfg = Release|Any CPU
		{2F154233-1206-4101-A0D6-11CC68826A75}.Release|Mixed Platforms.Build.0 = Release|Any CPU
		{2F154233-1206-4101-A0D6-11CC68826A75}.Release|Win32.ActiveCfg = Release|Any CPU
		{76CED8EC-98E6-48D3-96F7-AD73DC327BEE}.Debug|Any CPU.ActiveCfg = Debug|Any CPU
		{76CED8EC-98E6-48D3-96F7-AD73DC327BEE}.Debug|Any CPU.Build.0 = Debug|Any CPU
		{76CED8EC-98E6-48D3-96F7-AD73DC327BEE}.Debug|Mixed Platforms.ActiveCfg = Debug|Any CPU
		{76CED8EC-98E6-48D3-96F7-AD73DC327BEE}.Debug|Mixed Platforms.Build.0 = Debug|Any CPU
		{76CED8EC-98E6-48D3-96F7-AD73DC327BEE}.Debug|Win32.ActiveCfg = Debug|Any CPU
		{76CED8EC-98E6-48D3-96F7-AD73DC327BEE}.Release|Any CPU.ActiveCfg = Release|Any CPU
		{76CED8EC-98E6-48D3-96F7-AD73DC327BEE}.Release|Any CPU.Build.0 = Release|Any CPU
		{76CED8EC-98E6-48D3-96F7-AD73DC327BEE}.Release|Mixed Platforms.ActiveCfg = Release|Any CPU
		{76CED8EC-98E6-48D3-96F7-AD73DC327BEE}.Release|Mixed Platforms.Build.0 = Release|Any CPU
		{76CED8EC-98E6-48D3-96F7-AD73DC327BEE}.Release|Win32.ActiveCfg = Release|Any CPU
		{4212FD58-BB1D-43D5-B677-3AA32009787F}.Debug|Any CPU.ActiveCfg = Debug|Any CPU
		{4212FD58-BB1D-43D5-B677-3AA32009787F}.Debug|Any CPU.Build.0 = Debug|Any CPU
		{4212FD58-BB1D-43D5-B677-3AA32009787F}.Debug|Mixed Platforms.ActiveCfg = Debug|Any CPU
		{4212FD58-BB1D-43D5-B677-3AA32009787F}.Debug|Mixed Platforms.Build.0 = Debug|Any CPU
		{4212FD58-BB1D-43D5-B677-3AA32009787F}.Debug|Win32.ActiveCfg = Debug|Any CPU
		{4212FD58-BB1D-43D5-B677-3AA32009787F}.Release|Any CPU.ActiveCfg = Release|Any CPU
		{4212FD58-BB1D-43D5-B677-3AA32009787F}.Release|Any CPU.Build.0 = Release|Any CPU
		{4212FD58-BB1D-43D5-B677-3AA32009787F}.Release|Mixed Platforms.ActiveCfg = Release|Any CPU
		{4212FD58-BB1D-43D5-B677-3AA32009787F}.Release|Mixed Platforms.Build.0 = Release|Any CPU
		{4212FD58-BB1D-43D5-B677-3AA32009787F}.Release|Win32.ActiveCfg = Release|Any CPU
		{82414533-0EF7-4835-A8E3-13D1A9F01497}.Debug|Any CPU.ActiveCfg = Debug|Win32
		{82414533-0EF7-4835-A8E3-13D1A9F01497}.Debug|Mixed Platforms.ActiveCfg = Debug|Win32
		{82414533-0EF7-4835-A8E3-13D1A9F01497}.Debug|Mixed Platforms.Build.0 = Debug|Win32
		{82414533-0EF7-4835-A8E3-13D1A9F01497}.Debug|Win32.ActiveCfg = Debug|Win32
		{82414533-0EF7-4835-A8E3-13D1A9F01497}.Debug|Win32.Build.0 = Debug|Win32
		{82414533-0EF7-4835-A8E3-13D1A9F01497}.Release|Any CPU.ActiveCfg = Release|Win32
		{82414533-0EF7-4835-A8E3-13D1A9F01497}.Release|Mixed Platforms.ActiveCfg = Release|Win32
		{82414533-0EF7-4835-A8E3-13D1A9F01497}.Release|Mixed Platforms.Build.0 = Release|Win32
		{82414533-0EF7-4835-A8E3-13D1A9F01497}.Release|Win32.ActiveCfg = Release|Win32
		{82414533-0EF7-4835-A8E3-13D1A9F01497}.Release|Win32.Build.0 = Release|Win32
		{BE9C6F24-51B9-4083-B11E-BF1BA236447B}.Debug|Any CPU.ActiveCfg = Debug|Any CPU
		{BE9C6F24-51B9-4083-B11E-BF1BA236447B}.Debug|Any CPU.Build.0 = Debug|Any CPU
		{BE9C6F24-51B9-4083-B11E-BF1BA236447B}.Debug|Mixed Platforms.ActiveCfg = Debug|Any CPU
		{BE9C6F24-51B9-4083-B11E-BF1BA236447B}.Debug|Mixed Platforms.Build.0 = Debug|Any CPU
		{BE9C6F24-51B9-4083-B11E-BF1BA236447B}.Debug|Win32.ActiveCfg = Debug|Any CPU
		{BE9C6F24-51B9-4083-B11E-BF1BA236447B}.Release|Any CPU.ActiveCfg = Release|Any CPU
		{BE9C6F24-51B9-4083-B11E-BF1BA236447B}.Release|Any CPU.Build.0 = Release|Any CPU
		{BE9C6F24-51B9-4083-B11E-BF1BA236447B}.Release|Mixed Platforms.ActiveCfg = Release|Any CPU
		{BE9C6F24-51B9-4083-B11E-BF1BA236447B}.Release|Mixed Platforms.Build.0 = Release|Any CPU
		{BE9C6F24-51B9-4083-B11E-BF1BA236447B}.Release|Win32.ActiveCfg = Release|Any CPU
	EndGlobalSection
	GlobalSection(SolutionProperties) = preSolution
		HideSolutionNode = FALSE
	EndGlobalSection
	GlobalSection(NestedProjects) = preSolution
		{D100FEC0-13A4-47C0-AE65-0BDABEEE81B4} = {08693709-C743-408F-9D26-199327AF25A4}
		{89DD3C8D-BD73-445B-A6FE-76A3FD4CD49E} = {08693709-C743-408F-9D26-199327AF25A4}
		{97B6B509-0EA0-4601-B672-3B2DD8541960} = {75F9E01A-9820-4561-8B28-F5428D626B45}
		{224AAF61-4D5E-40B8-AC62-9F32C1F57235} = {75F9E01A-9820-4561-8B28-F5428D626B45}
		{C48DA38F-FE75-4FEE-85BC-04EF7CFF3901} = {75F9E01A-9820-4561-8B28-F5428D626B45}
		{B1A5451A-ECD9-45BB-8930-BE4D4586E7C3} = {75F9E01A-9820-4561-8B28-F5428D626B45}
		{2F154233-1206-4101-A0D6-11CC68826A75} = {75F9E01A-9820-4561-8B28-F5428D626B45}
		{76CED8EC-98E6-48D3-96F7-AD73DC327BEE} = {75F9E01A-9820-4561-8B28-F5428D626B45}
		{BE9C6F24-51B9-4083-B11E-BF1BA236447B} = {75F9E01A-9820-4561-8B28-F5428D626B45}
		{4212FD58-BB1D-43D5-B677-3AA32009787F} = {1E3F6590-EB28-4A91-B692-260585D491FF}
		{82414533-0EF7-4835-A8E3-13D1A9F01497} = {5EFBD77F-625C-42BD-8644-D7D1AFD32619}
	EndGlobalSection
EndGlobal
