
Microsoft Visual Studio Solution File, Format Version 12.00
# Visual Studio 15
VisualStudioVersion = 15.0.26228.4
MinimumVisualStudioVersion = 10.0.40219.1
Project("{FAE04EC0-301F-11D3-BF4B-00C04F79EFBC}") = "ThomasJepp.SaintsRow", "ThomasJepp.SaintsRow\ThomasJepp.SaintsRow.csproj", "{F660C694-866A-4814-936E-5A180D8543D2}"
EndProject
Project("{FAE04EC0-301F-11D3-BF4B-00C04F79EFBC}") = "ThomasJepp.SaintsRow.ExtractStrings", "ThomasJepp.SaintsRow.ExtractStrings\ThomasJepp.SaintsRow.ExtractStrings.csproj", "{89DD3C8D-BD73-445B-A6FE-76A3FD4CD49E}"
EndProject
Project("{FAE04EC0-301F-11D3-BF4B-00C04F79EFBC}") = "ThomasJepp.SaintsRow.BuildStrings", "ThomasJepp.SaintsRow.BuildStrings\ThomasJepp.SaintsRow.BuildStrings.csproj", "{D100FEC0-13A4-47C0-AE65-0BDABEEE81B4}"
EndProject
Project("{2150E333-8FDC-42A3-9474-1A3956D46DE8}") = "Strings", "Strings", "{08693709-C743-408F-9D26-199327AF25A4}"
EndProject
Project("{2150E333-8FDC-42A3-9474-1A3956D46DE8}") = "CrunchedTables", "CrunchedTables", "{1D1F4777-03FD-4292-97A2-B78ED53DB3A3}"
EndProject
Project("{2150E333-8FDC-42A3-9474-1A3956D46DE8}") = "Packfiles", "Packfiles", "{75F9E01A-9820-4561-8B28-F5428D626B45}"
EndProject
Project("{FAE04EC0-301F-11D3-BF4B-00C04F79EFBC}") = "ThomasJepp.SaintsRow.ExtractPackfile", "ThomasJepp.SaintsRow.ExtractPackfile\ThomasJepp.SaintsRow.ExtractPackfile.csproj", "{97B6B509-0EA0-4601-B672-3B2DD8541960}"
EndProject
Project("{FAE04EC0-301F-11D3-BF4B-00C04F79EFBC}") = "ThomasJepp.SaintsRow.RecursiveExtractor", "ThomasJepp.SaintsRow.RecursiveExtractor\ThomasJepp.SaintsRow.RecursiveExtractor.csproj", "{224AAF61-4D5E-40B8-AC62-9F32C1F57235}"
EndProject
Project("{FAE04EC0-301F-11D3-BF4B-00C04F79EFBC}") = "CmdLine", "CmdLine\CmdLine.csproj", "{ED76BEBC-F835-4FFF-B7E3-3E8A96B87BCF}"
EndProject
Project("{FAE04EC0-301F-11D3-BF4B-00C04F79EFBC}") = "ThomasJepp.SaintsRow.BuildPackfile", "ThomasJepp.SaintsRow.BuildPackfile\ThomasJepp.SaintsRow.BuildPackfile.csproj", "{C48DA38F-FE75-4FEE-85BC-04EF7CFF3901}"
EndProject
Project("{FAE04EC0-301F-11D3-BF4B-00C04F79EFBC}") = "ThomasJepp.SaintsRow.Stream2", "ThomasJepp.SaintsRow.Stream2\ThomasJepp.SaintsRow.Stream2.csproj", "{B1A5451A-ECD9-45BB-8930-BE4D4586E7C3}"
EndProject
Project("{FAE04EC0-301F-11D3-BF4B-00C04F79EFBC}") = "ThomasJepp.SaintsRow.ExtractPackfileGUI", "ThomasJepp.SaintsRow.ExtractPackfileGUI\ThomasJepp.SaintsRow.ExtractPackfileGUI.csproj", "{2F154233-1206-4101-A0D6-11CC68826A75}"
EndProject
Project("{FAE04EC0-301F-11D3-BF4B-00C04F79EFBC}") = "ThomasJepp.SaintsRow.BuildPackfileGUI", "ThomasJepp.SaintsRow.BuildPackfileGUI\ThomasJepp.SaintsRow.BuildPackfileGUI.csproj", "{76CED8EC-98E6-48D3-96F7-AD73DC327BEE}"
EndProject
Project("{FAE04EC0-301F-11D3-BF4B-00C04F79EFBC}") = "RepackTest", "RepackTest\RepackTest.csproj", "{4212FD58-BB1D-43D5-B677-3AA32009787F}"
EndProject
Project("{2150E333-8FDC-42A3-9474-1A3956D46DE8}") = "Misc Utilties", "Misc Utilties", "{1E3F6590-EB28-4A91-B692-260585D491FF}"
EndProject
Project("{FAE04EC0-301F-11D3-BF4B-00C04F79EFBC}") = "ThomasJepp.SaintsRow.Stream2Update", "ThomasJepp.SaintsRow.Stream2Update\ThomasJepp.SaintsRow.Stream2Update.csproj", "{BE9C6F24-51B9-4083-B11E-BF1BA236447B}"
EndProject
Project("{2150E333-8FDC-42A3-9474-1A3956D46DE8}") = "Saves", "Saves", "{1DA55EE7-CC27-4720-A93F-EFCE16747EDC}"
EndProject
Project("{FAE04EC0-301F-11D3-BF4B-00C04F79EFBC}") = "ThomasJepp.SaintsRow.ModSaveEditor", "ThomasJepp.SaintsRow.ModSaveEditor\ThomasJepp.SaintsRow.ModSaveEditor.csproj", "{C8BDC995-126F-431C-9AFF-83C7B3A53484}"
EndProject
Project("{FAE04EC0-301F-11D3-BF4B-00C04F79EFBC}") = "HashTester", "HashTester\HashTester.csproj", "{1740283B-664B-477C-8804-3AF4A06C4E42}"
EndProject
Project("{2150E333-8FDC-42A3-9474-1A3956D46DE8}") = "Audio", "Audio", "{9518BA6D-6E70-4554-8835-6BEB894358E5}"
EndProject
Project("{FAE04EC0-301F-11D3-BF4B-00C04F79EFBC}") = "ThomasJepp.SaintsRow.ExtractStreamingSoundbank", "ThomasJepp.SaintsRow.ExtractStreamingSoundbank\ThomasJepp.SaintsRow.ExtractStreamingSoundbank.csproj", "{FC751620-B0A7-4201-862F-C8C8D20590E5}"
EndProject
Project("{FAE04EC0-301F-11D3-BF4B-00C04F79EFBC}") = "ThomasJepp.SaintsRow.BuildStreamingSoundbank", "ThomasJepp.SaintsRow.BuildStreamingSoundbank\ThomasJepp.SaintsRow.BuildStreamingSoundbank.csproj", "{DFA9D923-DBB3-48F2-A903-F89BFD1E50B6}"
EndProject
Project("{2150E333-8FDC-42A3-9474-1A3956D46DE8}") = "Other items", "Other items", "{8FFDAD9A-1A74-470A-AB69-C6F099719DE1}"
	ProjectSection(SolutionItems) = preProject
		license.txt = license.txt
		pack_release.cmd = pack_release.cmd
	EndProjectSection
EndProject
Project("{FAE04EC0-301F-11D3-BF4B-00C04F79EFBC}") = "ThomasJepp.SaintsRow.ConvertStrings", "ThomasJepp.SaintsRow.ConvertStrings\ThomasJepp.SaintsRow.ConvertStrings.csproj", "{48A37C26-26DB-4757-A9BD-E2F719DE73FD}"
EndProject
Project("{FAE04EC0-301F-11D3-BF4B-00C04F79EFBC}") = "ThomasJepp.SaintsRow.EditPackfile", "ThomasJepp.SaintsRow.EditPackfile\ThomasJepp.SaintsRow.EditPackfile.csproj", "{FF146B48-047B-409D-B92C-A3F5453D18FA}"
EndProject
Project("{FAE04EC0-301F-11D3-BF4B-00C04F79EFBC}") = "CustomizationItemHashTool", "CustomizationItemHashTool\CustomizationItemHashTool.csproj", "{1F6F4C98-EA75-4C04-8712-1632B13B10C3}"
EndProject
Project("{2150E333-8FDC-42A3-9474-1A3956D46DE8}") = "Cloth Simulation", "Cloth Simulation", "{72705179-5151-414D-A48A-AB6C14DDD926}"
EndProject
Project("{FAE04EC0-301F-11D3-BF4B-00C04F79EFBC}") = "ThomasJepp.SaintsRow.ConvertClothSim", "ThomasJepp.SaintsRow.ConvertClothSim\ThomasJepp.SaintsRow.ConvertClothSim.csproj", "{DE6DCA7D-CD5A-4B0C-BDDA-B510683F9308}"
EndProject
Project("{2150E333-8FDC-42A3-9474-1A3956D46DE8}") = "Customization items", "Customization items", "{D41B4DF8-B781-4C84-98C5-2107032F2547}"
EndProject
Project("{FAE04EC0-301F-11D3-BF4B-00C04F79EFBC}") = "ThomasJepp.SaintsRow.CustomizationItemClone", "ThomasJepp.SaintsRow.CustomizationItemClone\ThomasJepp.SaintsRow.CustomizationItemClone.csproj", "{B22B1A92-0E00-469B-A34F-AB7767C91017}"
EndProject
Project("{2150E333-8FDC-42A3-9474-1A3956D46DE8}") = "Fonts", "Fonts", "{F919A23D-102C-4A4E-AC65-AABA4D956499}"
EndProject
Project("{FAE04EC0-301F-11D3-BF4B-00C04F79EFBC}") = "ThomasJepp.SaintsRow.DumpFontCharacters", "ThomasJepp.SaintsRow.DumpFontCharacters\ThomasJepp.SaintsRow.DumpFontCharacters.csproj", "{6E56CAEB-383F-4C6E-8CE8-480829A69061}"
EndProject
Project("{FAE04EC0-301F-11D3-BF4B-00C04F79EFBC}") = "ThomasJepp.SaintsRow.ExtractFont", "ThomasJepp.SaintsRow.ExtractFont\ThomasJepp.SaintsRow.ExtractFont.csproj", "{3178E59E-67A8-42B6-9913-969F00DF40C8}"
EndProject
Project("{FAE04EC0-301F-11D3-BF4B-00C04F79EFBC}") = "GenerateSavegameDirectory", "GenerateSavegameDirectory\GenerateSavegameDirectory.csproj", "{3BDFD33D-746A-471D-9231-1C47A70EF1ED}"
EndProject
Global
	GlobalSection(SolutionConfigurationPlatforms) = preSolution
		Debug|Any CPU = Debug|Any CPU
		Debug|x64 = Debug|x64
		Release|Any CPU = Release|Any CPU
		Release|x64 = Release|x64
	EndGlobalSection
	GlobalSection(ProjectConfigurationPlatforms) = postSolution
		{F660C694-866A-4814-936E-5A180D8543D2}.Debug|Any CPU.ActiveCfg = Debug|Any CPU
		{F660C694-866A-4814-936E-5A180D8543D2}.Debug|Any CPU.Build.0 = Debug|Any CPU
		{F660C694-866A-4814-936E-5A180D8543D2}.Debug|x64.ActiveCfg = Debug|x64
		{F660C694-866A-4814-936E-5A180D8543D2}.Debug|x64.Build.0 = Debug|x64
		{F660C694-866A-4814-936E-5A180D8543D2}.Release|Any CPU.ActiveCfg = Release|Any CPU
		{F660C694-866A-4814-936E-5A180D8543D2}.Release|Any CPU.Build.0 = Release|Any CPU
		{F660C694-866A-4814-936E-5A180D8543D2}.Release|x64.ActiveCfg = Release|Any CPU
		{F660C694-866A-4814-936E-5A180D8543D2}.Release|x64.Build.0 = Release|Any CPU
		{89DD3C8D-BD73-445B-A6FE-76A3FD4CD49E}.Debug|Any CPU.ActiveCfg = Debug|Any CPU
		{89DD3C8D-BD73-445B-A6FE-76A3FD4CD49E}.Debug|Any CPU.Build.0 = Debug|Any CPU
		{89DD3C8D-BD73-445B-A6FE-76A3FD4CD49E}.Debug|x64.ActiveCfg = Debug|Any CPU
		{89DD3C8D-BD73-445B-A6FE-76A3FD4CD49E}.Release|Any CPU.ActiveCfg = Release|Any CPU
		{89DD3C8D-BD73-445B-A6FE-76A3FD4CD49E}.Release|Any CPU.Build.0 = Release|Any CPU
		{89DD3C8D-BD73-445B-A6FE-76A3FD4CD49E}.Release|x64.ActiveCfg = Release|Any CPU
		{89DD3C8D-BD73-445B-A6FE-76A3FD4CD49E}.Release|x64.Build.0 = Release|Any CPU
		{D100FEC0-13A4-47C0-AE65-0BDABEEE81B4}.Debug|Any CPU.ActiveCfg = Debug|Any CPU
		{D100FEC0-13A4-47C0-AE65-0BDABEEE81B4}.Debug|Any CPU.Build.0 = Debug|Any CPU
		{D100FEC0-13A4-47C0-AE65-0BDABEEE81B4}.Debug|x64.ActiveCfg = Debug|Any CPU
		{D100FEC0-13A4-47C0-AE65-0BDABEEE81B4}.Release|Any CPU.ActiveCfg = Release|Any CPU
		{D100FEC0-13A4-47C0-AE65-0BDABEEE81B4}.Release|Any CPU.Build.0 = Release|Any CPU
		{D100FEC0-13A4-47C0-AE65-0BDABEEE81B4}.Release|x64.ActiveCfg = Release|Any CPU
		{D100FEC0-13A4-47C0-AE65-0BDABEEE81B4}.Release|x64.Build.0 = Release|Any CPU
		{97B6B509-0EA0-4601-B672-3B2DD8541960}.Debug|Any CPU.ActiveCfg = Debug|Any CPU
		{97B6B509-0EA0-4601-B672-3B2DD8541960}.Debug|Any CPU.Build.0 = Debug|Any CPU
		{97B6B509-0EA0-4601-B672-3B2DD8541960}.Debug|x64.ActiveCfg = Debug|Any CPU
		{97B6B509-0EA0-4601-B672-3B2DD8541960}.Release|Any CPU.ActiveCfg = Release|Any CPU
		{97B6B509-0EA0-4601-B672-3B2DD8541960}.Release|Any CPU.Build.0 = Release|Any CPU
		{97B6B509-0EA0-4601-B672-3B2DD8541960}.Release|x64.ActiveCfg = Release|Any CPU
		{97B6B509-0EA0-4601-B672-3B2DD8541960}.Release|x64.Build.0 = Release|Any CPU
		{224AAF61-4D5E-40B8-AC62-9F32C1F57235}.Debug|Any CPU.ActiveCfg = Debug|Any CPU
		{224AAF61-4D5E-40B8-AC62-9F32C1F57235}.Debug|Any CPU.Build.0 = Debug|Any CPU
		{224AAF61-4D5E-40B8-AC62-9F32C1F57235}.Debug|x64.ActiveCfg = Debug|Any CPU
		{224AAF61-4D5E-40B8-AC62-9F32C1F57235}.Release|Any CPU.ActiveCfg = Release|Any CPU
		{224AAF61-4D5E-40B8-AC62-9F32C1F57235}.Release|Any CPU.Build.0 = Release|Any CPU
		{224AAF61-4D5E-40B8-AC62-9F32C1F57235}.Release|x64.ActiveCfg = Release|Any CPU
		{224AAF61-4D5E-40B8-AC62-9F32C1F57235}.Release|x64.Build.0 = Release|Any CPU
		{ED76BEBC-F835-4FFF-B7E3-3E8A96B87BCF}.Debug|Any CPU.ActiveCfg = Debug|Any CPU
		{ED76BEBC-F835-4FFF-B7E3-3E8A96B87BCF}.Debug|Any CPU.Build.0 = Debug|Any CPU
		{ED76BEBC-F835-4FFF-B7E3-3E8A96B87BCF}.Debug|x64.ActiveCfg = Debug|Any CPU
		{ED76BEBC-F835-4FFF-B7E3-3E8A96B87BCF}.Release|Any CPU.ActiveCfg = Release|Any CPU
		{ED76BEBC-F835-4FFF-B7E3-3E8A96B87BCF}.Release|Any CPU.Build.0 = Release|Any CPU
		{ED76BEBC-F835-4FFF-B7E3-3E8A96B87BCF}.Release|x64.ActiveCfg = Release|Any CPU
		{ED76BEBC-F835-4FFF-B7E3-3E8A96B87BCF}.Release|x64.Build.0 = Release|Any CPU
		{C48DA38F-FE75-4FEE-85BC-04EF7CFF3901}.Debug|Any CPU.ActiveCfg = Debug|Any CPU
		{C48DA38F-FE75-4FEE-85BC-04EF7CFF3901}.Debug|Any CPU.Build.0 = Debug|Any CPU
		{C48DA38F-FE75-4FEE-85BC-04EF7CFF3901}.Debug|x64.ActiveCfg = Debug|Any CPU
		{C48DA38F-FE75-4FEE-85BC-04EF7CFF3901}.Release|Any CPU.ActiveCfg = Release|Any CPU
		{C48DA38F-FE75-4FEE-85BC-04EF7CFF3901}.Release|Any CPU.Build.0 = Release|Any CPU
		{C48DA38F-FE75-4FEE-85BC-04EF7CFF3901}.Release|x64.ActiveCfg = Release|Any CPU
		{C48DA38F-FE75-4FEE-85BC-04EF7CFF3901}.Release|x64.Build.0 = Release|Any CPU
		{B1A5451A-ECD9-45BB-8930-BE4D4586E7C3}.Debug|Any CPU.ActiveCfg = Debug|Any CPU
		{B1A5451A-ECD9-45BB-8930-BE4D4586E7C3}.Debug|Any CPU.Build.0 = Debug|Any CPU
		{B1A5451A-ECD9-45BB-8930-BE4D4586E7C3}.Debug|x64.ActiveCfg = Debug|Any CPU
		{B1A5451A-ECD9-45BB-8930-BE4D4586E7C3}.Release|Any CPU.ActiveCfg = Release|Any CPU
		{B1A5451A-ECD9-45BB-8930-BE4D4586E7C3}.Release|Any CPU.Build.0 = Release|Any CPU
		{B1A5451A-ECD9-45BB-8930-BE4D4586E7C3}.Release|x64.ActiveCfg = Release|Any CPU
		{B1A5451A-ECD9-45BB-8930-BE4D4586E7C3}.Release|x64.Build.0 = Release|Any CPU
		{2F154233-1206-4101-A0D6-11CC68826A75}.Debug|Any CPU.ActiveCfg = Debug|Any CPU
		{2F154233-1206-4101-A0D6-11CC68826A75}.Debug|Any CPU.Build.0 = Debug|Any CPU
		{2F154233-1206-4101-A0D6-11CC68826A75}.Debug|x64.ActiveCfg = Debug|Any CPU
		{2F154233-1206-4101-A0D6-11CC68826A75}.Release|Any CPU.ActiveCfg = Release|Any CPU
		{2F154233-1206-4101-A0D6-11CC68826A75}.Release|Any CPU.Build.0 = Release|Any CPU
		{2F154233-1206-4101-A0D6-11CC68826A75}.Release|x64.ActiveCfg = Release|Any CPU
		{2F154233-1206-4101-A0D6-11CC68826A75}.Release|x64.Build.0 = Release|Any CPU
		{76CED8EC-98E6-48D3-96F7-AD73DC327BEE}.Debug|Any CPU.ActiveCfg = Debug|Any CPU
		{76CED8EC-98E6-48D3-96F7-AD73DC327BEE}.Debug|Any CPU.Build.0 = Debug|Any CPU
		{76CED8EC-98E6-48D3-96F7-AD73DC327BEE}.Debug|x64.ActiveCfg = Debug|Any CPU
		{76CED8EC-98E6-48D3-96F7-AD73DC327BEE}.Release|Any CPU.ActiveCfg = Release|Any CPU
		{76CED8EC-98E6-48D3-96F7-AD73DC327BEE}.Release|Any CPU.Build.0 = Release|Any CPU
		{76CED8EC-98E6-48D3-96F7-AD73DC327BEE}.Release|x64.ActiveCfg = Release|Any CPU
		{76CED8EC-98E6-48D3-96F7-AD73DC327BEE}.Release|x64.Build.0 = Release|Any CPU
		{4212FD58-BB1D-43D5-B677-3AA32009787F}.Debug|Any CPU.ActiveCfg = Debug|Any CPU
		{4212FD58-BB1D-43D5-B677-3AA32009787F}.Debug|Any CPU.Build.0 = Debug|Any CPU
		{4212FD58-BB1D-43D5-B677-3AA32009787F}.Debug|x64.ActiveCfg = Debug|Any CPU
		{4212FD58-BB1D-43D5-B677-3AA32009787F}.Release|Any CPU.ActiveCfg = Release|Any CPU
		{4212FD58-BB1D-43D5-B677-3AA32009787F}.Release|Any CPU.Build.0 = Release|Any CPU
		{4212FD58-BB1D-43D5-B677-3AA32009787F}.Release|x64.ActiveCfg = Release|Any CPU
		{4212FD58-BB1D-43D5-B677-3AA32009787F}.Release|x64.Build.0 = Release|Any CPU
		{BE9C6F24-51B9-4083-B11E-BF1BA236447B}.Debug|Any CPU.ActiveCfg = Debug|Any CPU
		{BE9C6F24-51B9-4083-B11E-BF1BA236447B}.Debug|Any CPU.Build.0 = Debug|Any CPU
		{BE9C6F24-51B9-4083-B11E-BF1BA236447B}.Debug|x64.ActiveCfg = Debug|Any CPU
		{BE9C6F24-51B9-4083-B11E-BF1BA236447B}.Release|Any CPU.ActiveCfg = Release|Any CPU
		{BE9C6F24-51B9-4083-B11E-BF1BA236447B}.Release|Any CPU.Build.0 = Release|Any CPU
		{BE9C6F24-51B9-4083-B11E-BF1BA236447B}.Release|x64.ActiveCfg = Release|Any CPU
		{BE9C6F24-51B9-4083-B11E-BF1BA236447B}.Release|x64.Build.0 = Release|Any CPU
		{C8BDC995-126F-431C-9AFF-83C7B3A53484}.Debug|Any CPU.ActiveCfg = Debug|Any CPU
		{C8BDC995-126F-431C-9AFF-83C7B3A53484}.Debug|Any CPU.Build.0 = Debug|Any CPU
		{C8BDC995-126F-431C-9AFF-83C7B3A53484}.Debug|x64.ActiveCfg = Debug|Any CPU
		{C8BDC995-126F-431C-9AFF-83C7B3A53484}.Release|Any CPU.ActiveCfg = Release|Any CPU
		{C8BDC995-126F-431C-9AFF-83C7B3A53484}.Release|Any CPU.Build.0 = Release|Any CPU
		{C8BDC995-126F-431C-9AFF-83C7B3A53484}.Release|x64.ActiveCfg = Release|Any CPU
		{C8BDC995-126F-431C-9AFF-83C7B3A53484}.Release|x64.Build.0 = Release|Any CPU
		{1740283B-664B-477C-8804-3AF4A06C4E42}.Debug|Any CPU.ActiveCfg = Debug|Any CPU
		{1740283B-664B-477C-8804-3AF4A06C4E42}.Debug|Any CPU.Build.0 = Debug|Any CPU
		{1740283B-664B-477C-8804-3AF4A06C4E42}.Debug|x64.ActiveCfg = Debug|Any CPU
		{1740283B-664B-477C-8804-3AF4A06C4E42}.Release|Any CPU.ActiveCfg = Release|Any CPU
		{1740283B-664B-477C-8804-3AF4A06C4E42}.Release|Any CPU.Build.0 = Release|Any CPU
		{1740283B-664B-477C-8804-3AF4A06C4E42}.Release|x64.ActiveCfg = Release|Any CPU
		{1740283B-664B-477C-8804-3AF4A06C4E42}.Release|x64.Build.0 = Release|Any CPU
		{FC751620-B0A7-4201-862F-C8C8D20590E5}.Debug|Any CPU.ActiveCfg = Debug|Any CPU
		{FC751620-B0A7-4201-862F-C8C8D20590E5}.Debug|Any CPU.Build.0 = Debug|Any CPU
		{FC751620-B0A7-4201-862F-C8C8D20590E5}.Debug|x64.ActiveCfg = Debug|Any CPU
		{FC751620-B0A7-4201-862F-C8C8D20590E5}.Release|Any CPU.ActiveCfg = Release|Any CPU
		{FC751620-B0A7-4201-862F-C8C8D20590E5}.Release|Any CPU.Build.0 = Release|Any CPU
		{FC751620-B0A7-4201-862F-C8C8D20590E5}.Release|x64.ActiveCfg = Release|Any CPU
		{FC751620-B0A7-4201-862F-C8C8D20590E5}.Release|x64.Build.0 = Release|Any CPU
		{DFA9D923-DBB3-48F2-A903-F89BFD1E50B6}.Debug|Any CPU.ActiveCfg = Debug|Any CPU
		{DFA9D923-DBB3-48F2-A903-F89BFD1E50B6}.Debug|Any CPU.Build.0 = Debug|Any CPU
		{DFA9D923-DBB3-48F2-A903-F89BFD1E50B6}.Debug|x64.ActiveCfg = Debug|Any CPU
		{DFA9D923-DBB3-48F2-A903-F89BFD1E50B6}.Release|Any CPU.ActiveCfg = Release|Any CPU
		{DFA9D923-DBB3-48F2-A903-F89BFD1E50B6}.Release|Any CPU.Build.0 = Release|Any CPU
		{DFA9D923-DBB3-48F2-A903-F89BFD1E50B6}.Release|x64.ActiveCfg = Release|Any CPU
		{DFA9D923-DBB3-48F2-A903-F89BFD1E50B6}.Release|x64.Build.0 = Release|Any CPU
		{48A37C26-26DB-4757-A9BD-E2F719DE73FD}.Debug|Any CPU.ActiveCfg = Debug|Any CPU
		{48A37C26-26DB-4757-A9BD-E2F719DE73FD}.Debug|Any CPU.Build.0 = Debug|Any CPU
		{48A37C26-26DB-4757-A9BD-E2F719DE73FD}.Debug|x64.ActiveCfg = Debug|Any CPU
		{48A37C26-26DB-4757-A9BD-E2F719DE73FD}.Release|Any CPU.ActiveCfg = Release|Any CPU
		{48A37C26-26DB-4757-A9BD-E2F719DE73FD}.Release|Any CPU.Build.0 = Release|Any CPU
		{48A37C26-26DB-4757-A9BD-E2F719DE73FD}.Release|x64.ActiveCfg = Release|Any CPU
		{48A37C26-26DB-4757-A9BD-E2F719DE73FD}.Release|x64.Build.0 = Release|Any CPU
		{FF146B48-047B-409D-B92C-A3F5453D18FA}.Debug|Any CPU.ActiveCfg = Debug|Any CPU
		{FF146B48-047B-409D-B92C-A3F5453D18FA}.Debug|Any CPU.Build.0 = Debug|Any CPU
		{FF146B48-047B-409D-B92C-A3F5453D18FA}.Debug|x64.ActiveCfg = Debug|x64
		{FF146B48-047B-409D-B92C-A3F5453D18FA}.Debug|x64.Build.0 = Debug|x64
		{FF146B48-047B-409D-B92C-A3F5453D18FA}.Release|Any CPU.ActiveCfg = Release|Any CPU
		{FF146B48-047B-409D-B92C-A3F5453D18FA}.Release|Any CPU.Build.0 = Release|Any CPU
		{FF146B48-047B-409D-B92C-A3F5453D18FA}.Release|x64.ActiveCfg = Release|x64
		{FF146B48-047B-409D-B92C-A3F5453D18FA}.Release|x64.Build.0 = Release|x64
		{1F6F4C98-EA75-4C04-8712-1632B13B10C3}.Debug|Any CPU.ActiveCfg = Debug|Any CPU
		{1F6F4C98-EA75-4C04-8712-1632B13B10C3}.Debug|Any CPU.Build.0 = Debug|Any CPU
		{1F6F4C98-EA75-4C04-8712-1632B13B10C3}.Debug|x64.ActiveCfg = Debug|Any CPU
		{1F6F4C98-EA75-4C04-8712-1632B13B10C3}.Release|Any CPU.ActiveCfg = Release|Any CPU
		{1F6F4C98-EA75-4C04-8712-1632B13B10C3}.Release|Any CPU.Build.0 = Release|Any CPU
		{1F6F4C98-EA75-4C04-8712-1632B13B10C3}.Release|x64.ActiveCfg = Release|Any CPU
		{1F6F4C98-EA75-4C04-8712-1632B13B10C3}.Release|x64.Build.0 = Release|Any CPU
		{DE6DCA7D-CD5A-4B0C-BDDA-B510683F9308}.Debug|Any CPU.ActiveCfg = Debug|Any CPU
		{DE6DCA7D-CD5A-4B0C-BDDA-B510683F9308}.Debug|Any CPU.Build.0 = Debug|Any CPU
		{DE6DCA7D-CD5A-4B0C-BDDA-B510683F9308}.Debug|x64.ActiveCfg = Debug|Any CPU
		{DE6DCA7D-CD5A-4B0C-BDDA-B510683F9308}.Debug|x64.Build.0 = Debug|Any CPU
		{DE6DCA7D-CD5A-4B0C-BDDA-B510683F9308}.Release|Any CPU.ActiveCfg = Release|Any CPU
		{DE6DCA7D-CD5A-4B0C-BDDA-B510683F9308}.Release|Any CPU.Build.0 = Release|Any CPU
		{DE6DCA7D-CD5A-4B0C-BDDA-B510683F9308}.Release|x64.ActiveCfg = Release|Any CPU
		{DE6DCA7D-CD5A-4B0C-BDDA-B510683F9308}.Release|x64.Build.0 = Release|Any CPU
		{B22B1A92-0E00-469B-A34F-AB7767C91017}.Debug|Any CPU.ActiveCfg = Debug|Any CPU
		{B22B1A92-0E00-469B-A34F-AB7767C91017}.Debug|Any CPU.Build.0 = Debug|Any CPU
		{B22B1A92-0E00-469B-A34F-AB7767C91017}.Debug|x64.ActiveCfg = Debug|Any CPU
		{B22B1A92-0E00-469B-A34F-AB7767C91017}.Debug|x64.Build.0 = Debug|Any CPU
		{B22B1A92-0E00-469B-A34F-AB7767C91017}.Release|Any CPU.ActiveCfg = Release|Any CPU
		{B22B1A92-0E00-469B-A34F-AB7767C91017}.Release|Any CPU.Build.0 = Release|Any CPU
		{B22B1A92-0E00-469B-A34F-AB7767C91017}.Release|x64.ActiveCfg = Release|Any CPU
		{B22B1A92-0E00-469B-A34F-AB7767C91017}.Release|x64.Build.0 = Release|Any CPU
		{6E56CAEB-383F-4C6E-8CE8-480829A69061}.Debug|Any CPU.ActiveCfg = Debug|Any CPU
		{6E56CAEB-383F-4C6E-8CE8-480829A69061}.Debug|Any CPU.Build.0 = Debug|Any CPU
		{6E56CAEB-383F-4C6E-8CE8-480829A69061}.Debug|x64.ActiveCfg = Debug|Any CPU
		{6E56CAEB-383F-4C6E-8CE8-480829A69061}.Debug|x64.Build.0 = Debug|Any CPU
		{6E56CAEB-383F-4C6E-8CE8-480829A69061}.Release|Any CPU.ActiveCfg = Release|Any CPU
		{6E56CAEB-383F-4C6E-8CE8-480829A69061}.Release|Any CPU.Build.0 = Release|Any CPU
		{6E56CAEB-383F-4C6E-8CE8-480829A69061}.Release|x64.ActiveCfg = Release|Any CPU
		{6E56CAEB-383F-4C6E-8CE8-480829A69061}.Release|x64.Build.0 = Release|Any CPU
		{3178E59E-67A8-42B6-9913-969F00DF40C8}.Debug|Any CPU.ActiveCfg = Debug|Any CPU
		{3178E59E-67A8-42B6-9913-969F00DF40C8}.Debug|Any CPU.Build.0 = Debug|Any CPU
		{3178E59E-67A8-42B6-9913-969F00DF40C8}.Debug|x64.ActiveCfg = Debug|Any CPU
		{3178E59E-67A8-42B6-9913-969F00DF40C8}.Debug|x64.Build.0 = Debug|Any CPU
		{3178E59E-67A8-42B6-9913-969F00DF40C8}.Release|Any CPU.ActiveCfg = Release|Any CPU
		{3178E59E-67A8-42B6-9913-969F00DF40C8}.Release|Any CPU.Build.0 = Release|Any CPU
		{3178E59E-67A8-42B6-9913-969F00DF40C8}.Release|x64.ActiveCfg = Release|Any CPU
		{3178E59E-67A8-42B6-9913-969F00DF40C8}.Release|x64.Build.0 = Release|Any CPU
		{3BDFD33D-746A-471D-9231-1C47A70EF1ED}.Debug|Any CPU.ActiveCfg = Debug|Any CPU
		{3BDFD33D-746A-471D-9231-1C47A70EF1ED}.Debug|Any CPU.Build.0 = Debug|Any CPU
		{3BDFD33D-746A-471D-9231-1C47A70EF1ED}.Debug|x64.ActiveCfg = Debug|Any CPU
		{3BDFD33D-746A-471D-9231-1C47A70EF1ED}.Debug|x64.Build.0 = Debug|Any CPU
		{3BDFD33D-746A-471D-9231-1C47A70EF1ED}.Release|Any CPU.ActiveCfg = Release|Any CPU
		{3BDFD33D-746A-471D-9231-1C47A70EF1ED}.Release|Any CPU.Build.0 = Release|Any CPU
		{3BDFD33D-746A-471D-9231-1C47A70EF1ED}.Release|x64.ActiveCfg = Release|Any CPU
		{3BDFD33D-746A-471D-9231-1C47A70EF1ED}.Release|x64.Build.0 = Release|Any CPU
	EndGlobalSection
	GlobalSection(SolutionProperties) = preSolution
		HideSolutionNode = FALSE
	EndGlobalSection
	GlobalSection(NestedProjects) = preSolution
		{89DD3C8D-BD73-445B-A6FE-76A3FD4CD49E} = {08693709-C743-408F-9D26-199327AF25A4}
		{D100FEC0-13A4-47C0-AE65-0BDABEEE81B4} = {08693709-C743-408F-9D26-199327AF25A4}
		{97B6B509-0EA0-4601-B672-3B2DD8541960} = {75F9E01A-9820-4561-8B28-F5428D626B45}
		{224AAF61-4D5E-40B8-AC62-9F32C1F57235} = {75F9E01A-9820-4561-8B28-F5428D626B45}
		{C48DA38F-FE75-4FEE-85BC-04EF7CFF3901} = {75F9E01A-9820-4561-8B28-F5428D626B45}
		{B1A5451A-ECD9-45BB-8930-BE4D4586E7C3} = {75F9E01A-9820-4561-8B28-F5428D626B45}
		{2F154233-1206-4101-A0D6-11CC68826A75} = {75F9E01A-9820-4561-8B28-F5428D626B45}
		{76CED8EC-98E6-48D3-96F7-AD73DC327BEE} = {75F9E01A-9820-4561-8B28-F5428D626B45}
		{4212FD58-BB1D-43D5-B677-3AA32009787F} = {1E3F6590-EB28-4A91-B692-260585D491FF}
		{BE9C6F24-51B9-4083-B11E-BF1BA236447B} = {75F9E01A-9820-4561-8B28-F5428D626B45}
		{C8BDC995-126F-431C-9AFF-83C7B3A53484} = {1DA55EE7-CC27-4720-A93F-EFCE16747EDC}
		{1740283B-664B-477C-8804-3AF4A06C4E42} = {1E3F6590-EB28-4A91-B692-260585D491FF}
		{FC751620-B0A7-4201-862F-C8C8D20590E5} = {9518BA6D-6E70-4554-8835-6BEB894358E5}
		{DFA9D923-DBB3-48F2-A903-F89BFD1E50B6} = {9518BA6D-6E70-4554-8835-6BEB894358E5}
		{48A37C26-26DB-4757-A9BD-E2F719DE73FD} = {08693709-C743-408F-9D26-199327AF25A4}
		{FF146B48-047B-409D-B92C-A3F5453D18FA} = {75F9E01A-9820-4561-8B28-F5428D626B45}
		{1F6F4C98-EA75-4C04-8712-1632B13B10C3} = {1E3F6590-EB28-4A91-B692-260585D491FF}
		{DE6DCA7D-CD5A-4B0C-BDDA-B510683F9308} = {72705179-5151-414D-A48A-AB6C14DDD926}
		{B22B1A92-0E00-469B-A34F-AB7767C91017} = {D41B4DF8-B781-4C84-98C5-2107032F2547}
		{6E56CAEB-383F-4C6E-8CE8-480829A69061} = {F919A23D-102C-4A4E-AC65-AABA4D956499}
		{3178E59E-67A8-42B6-9913-969F00DF40C8} = {F919A23D-102C-4A4E-AC65-AABA4D956499}
		{3BDFD33D-746A-471D-9231-1C47A70EF1ED} = {1E3F6590-EB28-4A91-B692-260585D491FF}
	EndGlobalSection
EndGlobal
